
Microsoft Visual Studio Solution File, Format Version 12.00
# Visual Studio 15
VisualStudioVersion = 15.0.27428.2015
MinimumVisualStudioVersion = 10.0.40219.1
Project("{FAE04EC0-301F-11D3-BF4B-00C04F79EFBC}") = "TimerProject", "Timer\TimerProject.csproj", "{05671333-17F5-4BF0-87F8-65E35B9CBAD7}"
EndProject
Global
	GlobalSection(SolutionConfigurationPlatforms) = preSolution
		Debug|Any CPU = Debug|Any CPU
		Release|Any CPU = Release|Any CPU
	EndGlobalSection
	GlobalSection(ProjectConfigurationPlatforms) = postSolution
		{05671333-17F5-4BF0-87F8-65E35B9CBAD7}.Debug|Any CPU.ActiveCfg = Debug|Any CPU
		{05671333-17F5-4BF0-87F8-65E35B9CBAD7}.Debug|Any CPU.Build.0 = Debug|Any CPU
		{05671333-17F5-4BF0-87F8-65E35B9CBAD7}.Release|Any CPU.ActiveCfg = Release|Any CPU
		{05671333-17F5-4BF0-87F8-65E35B9CBAD7}.Release|Any CPU.Build.0 = Release|Any CPU
	EndGlobalSection
	GlobalSection(SolutionProperties) = preSolution
		HideSolutionNode = FALSE
	EndGlobalSection
	GlobalSection(ExtensibilityGlobals) = postSolution
		SolutionGuid = {02FF4A40-C6D3-4969-A290-21FDBC49826D}
	EndGlobalSection
EndGlobal
